
Microsoft Visual Studio Solution File, Format Version 12.00
# Visual Studio Version 16
VisualStudioVersion = 16.0.30907.101
MinimumVisualStudioVersion = 10.0.40219.1
Project("{FAE04EC0-301F-11D3-BF4B-00C04F79EFBC}") = "Agenda", "Agenda\Agenda.csproj", "{F6D8BF44-0AE7-44F1-995D-51BE1039B714}"
EndProject
Project("{FAE04EC0-301F-11D3-BF4B-00C04F79EFBC}") = "NeoplatonicismoLib", "NeoplatonicismoLib\NeoplatonicismoLib.csproj", "{EBA68CD3-3467-4181-9A52-8B536BFD2B82}"
EndProject
Project("{FAE04EC0-301F-11D3-BF4B-00C04F79EFBC}") = "AgendaLib", "AgendaLib\AgendaLib.csproj", "{F3A66046-E4D9-4225-83EF-EEABDDA22A78}"
EndProject
Project("{FAE04EC0-301F-11D3-BF4B-00C04F79EFBC}") = "AgendaTest", "AgendaTest\AgendaTest.csproj", "{678EC041-D41B-408E-9719-2468992F5520}"
EndProject
Global
	GlobalSection(SolutionConfigurationPlatforms) = preSolution
		Debug|Any CPU = Debug|Any CPU
		Release|Any CPU = Release|Any CPU
	EndGlobalSection
	GlobalSection(ProjectConfigurationPlatforms) = postSolution
		{F6D8BF44-0AE7-44F1-995D-51BE1039B714}.Debug|Any CPU.ActiveCfg = Debug|Any CPU
		{F6D8BF44-0AE7-44F1-995D-51BE1039B714}.Debug|Any CPU.Build.0 = Debug|Any CPU
		{F6D8BF44-0AE7-44F1-995D-51BE1039B714}.Release|Any CPU.ActiveCfg = Release|Any CPU
		{F6D8BF44-0AE7-44F1-995D-51BE1039B714}.Release|Any CPU.Build.0 = Release|Any CPU
		{EBA68CD3-3467-4181-9A52-8B536BFD2B82}.Debug|Any CPU.ActiveCfg = Debug|Any CPU
		{EBA68CD3-3467-4181-9A52-8B536BFD2B82}.Debug|Any CPU.Build.0 = Debug|Any CPU
		{EBA68CD3-3467-4181-9A52-8B536BFD2B82}.Release|Any CPU.ActiveCfg = Release|Any CPU
		{EBA68CD3-3467-4181-9A52-8B536BFD2B82}.Release|Any CPU.Build.0 = Release|Any CPU
		{F3A66046-E4D9-4225-83EF-EEABDDA22A78}.Debug|Any CPU.ActiveCfg = Debug|Any CPU
		{F3A66046-E4D9-4225-83EF-EEABDDA22A78}.Debug|Any CPU.Build.0 = Debug|Any CPU
		{F3A66046-E4D9-4225-83EF-EEABDDA22A78}.Release|Any CPU.ActiveCfg = Release|Any CPU
		{F3A66046-E4D9-4225-83EF-EEABDDA22A78}.Release|Any CPU.Build.0 = Release|Any CPU
		{678EC041-D41B-408E-9719-2468992F5520}.Debug|Any CPU.ActiveCfg = Debug|Any CPU
		{678EC041-D41B-408E-9719-2468992F5520}.Debug|Any CPU.Build.0 = Debug|Any CPU
		{678EC041-D41B-408E-9719-2468992F5520}.Release|Any CPU.ActiveCfg = Release|Any CPU
		{678EC041-D41B-408E-9719-2468992F5520}.Release|Any CPU.Build.0 = Release|Any CPU
	EndGlobalSection
	GlobalSection(SolutionProperties) = preSolution
		HideSolutionNode = FALSE
	EndGlobalSection
	GlobalSection(ExtensibilityGlobals) = postSolution
		SolutionGuid = {A7A5E8D9-7824-4CFD-8EBB-C64A5C3E83A5}
	EndGlobalSection
EndGlobal
